apiVersion: platform.local.lab/v1alpha1
kind: XSpa
metadata:
  name: js-pollock
spec:
  parameters:
    namespace: js-pollock
    image: ghcr.io/cujarrett/js-pollock:sha-eefceb76ee96f257ac33516928f43c152da46069
    repo: https://github.com/cujarrett/js-pollock
    host: jspollock.mattjarrett.dev
    tlsIssuer: letsencrypt-prod
    contentSecurityPolicy: "default-src 'self'; style-src 'self' 'unsafe-inline'; img-src 'self' data:; script-src 'self'; connect-src 'self'; font-src 'self' https://fonts.gstatic.com; frame-ancestors 'none'; base-uri 'self';"
    replicas: 1
    size: sm
